
Microsoft Visual Studio Solution File, Format Version 11.00
# Visual Studio 2010
Project("{2150E333-8FDC-42A3-9474-1A3956D46DE8}") = "Framework", "Framework", "{7DF8A45B-5732-4093-8A0B-EBE0F32597AB}"
EndProject
Project("{2150E333-8FDC-42A3-9474-1A3956D46DE8}") = "SqlWebReport", "SqlWebReport", "{95ED9E3B-A092-4B6D-BBF2-1BA285CDC788}"
EndProject
Project("{FAE04EC0-301F-11D3-BF4B-00C04F79EFBC}") = "Financeiro_Marcelo", "Financeiro_Marcelo\Financeiro_Marcelo.csproj", "{4E2F2D06-B3BD-4B13-B0B0-B3C634C11C0B}"
EndProject
Project("{FAE04EC0-301F-11D3-BF4B-00C04F79EFBC}") = "lib.Class", "..\Framework\lib.class\lib.Class.csproj", "{4A3F7BED-010A-48C8-8673-E484F0148BA8}"
EndProject
Project("{FAE04EC0-301F-11D3-BF4B-00C04F79EFBC}") = "lib.Database", "..\Framework\lib.Database\lib.Database.csproj", "{B564DD07-F3C6-4B4A-AAC2-C0FAF8F9ADCC}"
EndProject
Project("{FAE04EC0-301F-11D3-BF4B-00C04F79EFBC}") = "lib.Visual", "..\Framework\lib.Visual\lib.Visual.csproj", "{E168A2F0-C4C5-48C9-B915-CC88BFAE8980}"
EndProject
Project("{FAE04EC0-301F-11D3-BF4B-00C04F79EFBC}") = "lib.Visual.Database", "..\Framework\lib.Visual.Database\lib.Visual.Database.csproj", "{26DA8323-7672-42AC-A3DB-0501ED6C4212}"
EndProject
Project("{FAE04EC0-301F-11D3-BF4B-00C04F79EFBC}") = "SqlWebReport", "..\SqlWebReport\SqlWebReport\SqlWebReport.csproj", "{642480E9-C332-4C3B-A2D3-809E70834C0E}"
EndProject
Project("{FAE04EC0-301F-11D3-BF4B-00C04F79EFBC}") = "SwrForms", "..\SqlWebReport\SwrForms\SwrForms.csproj", "{ABA3D371-9B6C-4B09-B216-801B056CF3D6}"
EndProject
Project("{FAE04EC0-301F-11D3-BF4B-00C04F79EFBC}") = "RckInstaller", "..\Framework\RckInstaller\RckInstaller.csproj", "{1DB031D4-25A7-4DBB-9D6F-53816E6C1700}"
EndProject
Project("{FAE04EC0-301F-11D3-BF4B-00C04F79EFBC}") = "SwrTeste", "..\SqlWebReport\SwrTeste\SwrTeste.csproj", "{77FD74D0-E29D-44D6-BA3F-C73D2DD5CF64}"
EndProject
Project("{FAE04EC0-301F-11D3-BF4B-00C04F79EFBC}") = "SwrCreate", "..\SqlWebReport\SwrCreate\SwrCreate.csproj", "{93CC68DA-38AB-49C0-A912-DB441F387F06}"
EndProject
Project("{FAE04EC0-301F-11D3-BF4B-00C04F79EFBC}") = "Vendas_Marcelo", "Vendas_Marcelo\Vendas_Marcelo.csproj", "{7B7E6400-56BD-42A2-9EE4-2ED417734B15}"
EndProject
Project("{FAE04EC0-301F-11D3-BF4B-00C04F79EFBC}") = "GravaVendaArquivo", "GravaVendaArquivo\GravaVendaArquivo.csproj", "{7CEFCE71-15D3-4437-BE1F-DEC666AA7E0A}"
EndProject
Project("{2150E333-8FDC-42A3-9474-1A3956D46DE8}") = "MarceloCarnes", "MarceloCarnes", "{4AF0E1D5-FEED-4C58-8789-638074FB317C}"
EndProject
Project("{2150E333-8FDC-42A3-9474-1A3956D46DE8}") = "CodeTemplates", "CodeTemplates", "{5C04E364-5461-4383-8A80-8A62B357339D}"
	ProjectSection(SolutionItems) = preProject
		CodeTemplate\Control.bin = CodeTemplate\Control.bin
		CodeTemplate\Control.partial.bin = CodeTemplate\Control.partial.bin
		CodeTemplate\Control_sem_id.bin = CodeTemplate\Control_sem_id.bin
		CodeTemplate\Model.bin = CodeTemplate\Model.bin
		CodeTemplate\Model_sem_id.bin = CodeTemplate\Model_sem_id.bin
		CodeTemplate\View.desiner.bin = CodeTemplate\View.desiner.bin
		CodeTemplate\View_Item.bin = CodeTemplate\View_Item.bin
	EndProjectSection
EndProject
Project("{FAE04EC0-301F-11D3-BF4B-00C04F79EFBC}") = "TestePostData", "TestePostData\TestePostData.csproj", "{2B73D20C-93FC-4A8F-8DB9-C5ED2D49E326}"
EndProject
Project("{FAE04EC0-301F-11D3-BF4B-00C04F79EFBC}") = "Teste", "..\Framework\Teste\Teste.csproj", "{F9514C39-E8E3-416A-AF2B-9D76CACA8864}"
EndProject
Project("{FAE04EC0-301F-11D3-BF4B-00C04F79EFBC}") = "Parking", "Parking\Parking.csproj", "{6DC6157A-6693-4337-A3E2-1F876CE3D4E9}"
EndProject
Project("{FAE04EC0-301F-11D3-BF4B-00C04F79EFBC}") = "Folha_Marcelo", "Folha_Marcelo\Folha_Marcelo.csproj", "{703584BA-0C0B-4EA2-8752-A83FA99B7E3D}"
EndProject
Project("{2150E333-8FDC-42A3-9474-1A3956D46DE8}") = "KCMS", "KCMS", "{EFEF36CD-BBC2-4959-ACD7-FCE1FA64260C}"
EndProject
Project("{FAE04EC0-301F-11D3-BF4B-00C04F79EFBC}") = "WsPhito", "WsPhito\WsPhito.csproj", "{9C4C9583-5B78-4EB2-929A-1F5B89022253}"
EndProject
Project("{FAE04EC0-301F-11D3-BF4B-00C04F79EFBC}") = "Phito", "Phito\Phito.csproj", "{D350628E-BFBA-4C1B-8FFA-7FD3749A551E}"
EndProject
Project("{FAE04EC0-301F-11D3-BF4B-00C04F79EFBC}") = "TestePrinter", "TestePrinter\TestePrinter.csproj", "{4A6B9CAF-42AF-48E4-88CC-DC27DDD80474}"
EndProject
Project("{2150E333-8FDC-42A3-9474-1A3956D46DE8}") = "WEB", "WEB", "{349F217C-5CAD-4237-A614-C8183CC8EA41}"
EndProject
Project("{FAE04EC0-301F-11D3-BF4B-00C04F79EFBC}") = "RckSoftware", "RckSoftware\RckSoftware.csproj", "{BA52AD93-AB43-43CB-BF8C-B1D299A33EF2}"
EndProject
Project("{2150E333-8FDC-42A3-9474-1A3956D46DE8}") = "RckSoftware", "RckSoftware", "{4F284B4D-AA6D-43C1-BF7D-29C9F999CB3C}"
EndProject
Project("{FAE04EC0-301F-11D3-BF4B-00C04F79EFBC}") = "RckEventos", "RckEventos\RckEventos.csproj", "{3C171435-2820-425C-A534-3251BA8EF275}"
EndProject
Project("{FAE04EC0-301F-11D3-BF4B-00C04F79EFBC}") = "RckSoftwareMVC", "RckSoftwareMVC\RckSoftwareMVC.csproj", "{64990B1F-D8F4-497E-A76D-6AFD001738CD}"
EndProject
Project("{FAE04EC0-301F-11D3-BF4B-00C04F79EFBC}") = "EnviaCobranca", "EnviaCobranca\EnviaCobranca.csproj", "{D5B3B5A4-6DA1-48AA-BAD5-CFC916F757EF}"
EndProject
Project("{2150E333-8FDC-42A3-9474-1A3956D46DE8}") = "Guto", "Guto", "{BE2EE5F5-5503-44F4-A509-406D63FB30ED}"
EndProject
Project("{FAE04EC0-301F-11D3-BF4B-00C04F79EFBC}") = "ControlePortarias", "ControlePortarias\ControlePortarias.csproj", "{5B254E45-DFB4-4D3C-AC93-20FD28D1E833}"
EndProject
Project("{FAE04EC0-301F-11D3-BF4B-00C04F79EFBC}") = "RckRemoteServer", "RckRemoteServer\RckRemoteServer.csproj", "{5626E867-167D-4349-8493-2738E68551C4}"
EndProject
Project("{FAE04EC0-301F-11D3-BF4B-00C04F79EFBC}") = "RckRemoteClient", "RckRemoteClient\RckRemoteClient.csproj", "{10BA6BAA-3B34-493C-BD75-A40B54C373CE}"
EndProject
Project("{FAE04EC0-301F-11D3-BF4B-00C04F79EFBC}") = "SysZoo", "SysZoo\SysZoo.csproj", "{84049C93-88EA-468F-994A-AC935D2222B9}"
EndProject
Project("{FAE04EC0-301F-11D3-BF4B-00C04F79EFBC}") = "lib.Entity", "..\Framework\lib.Entity\lib.Entity.csproj", "{EBD82B42-C970-4A88-822A-6586AE888E6C}"
EndProject
Project("{FAE04EC0-301F-11D3-BF4B-00C04F79EFBC}") = "SysZooDB", "SysZooDB\SysZooDB.csproj", "{EF3CAEC5-8656-4A82-816B-CD61C8486984}"
EndProject
Project("{FAE04EC0-301F-11D3-BF4B-00C04F79EFBC}") = "RckPDV", "RckPDV\RckPDV.csproj", "{3F6EDC37-F7AE-47E7-8FD3-5C6FBBC25965}"
EndProject
Project("{FAE04EC0-301F-11D3-BF4B-00C04F79EFBC}") = "Atlantis", "Atlantis\Atlantis.csproj", "{0BFDEC13-214B-4369-BB3D-770F6844B2EB}"
EndProject
Project("{FAE04EC0-301F-11D3-BF4B-00C04F79EFBC}") = "AtlantisDB", "AtlantisDB\AtlantisDB.csproj", "{D4C620B1-E367-4058-896C-0D6F73E5D174}"
EndProject
Project("{FAE04EC0-301F-11D3-BF4B-00C04F79EFBC}") = "TesteWebBrowser", "TesteWebBrowser\TesteWebBrowser.csproj", "{942FB2DC-4FDB-41C1-ACBE-46AD33A8CC6F}"
EndProject
Global
	GlobalSection(SubversionScc) = preSolution
		Svn-Managed = True
		Manager = AnkhSVN - Subversion Support for Visual Studio
	EndGlobalSection
	GlobalSection(SolutionConfigurationPlatforms) = preSolution
		Debug|Any CPU = Debug|Any CPU
		Debug|Mixed Platforms = Debug|Mixed Platforms
		Debug|x86 = Debug|x86
		Release|Any CPU = Release|Any CPU
		Release|Mixed Platforms = Release|Mixed Platforms
		Release|x86 = Release|x86
	EndGlobalSection
	GlobalSection(ProjectConfigurationPlatforms) = postSolution
		{4E2F2D06-B3BD-4B13-B0B0-B3C634C11C0B}.Debug|Any CPU.ActiveCfg = Debug|x86
		{4E2F2D06-B3BD-4B13-B0B0-B3C634C11C0B}.Debug|Mixed Platforms.ActiveCfg = Debug|x86
		{4E2F2D06-B3BD-4B13-B0B0-B3C634C11C0B}.Debug|Mixed Platforms.Build.0 = Debug|x86
		{4E2F2D06-B3BD-4B13-B0B0-B3C634C11C0B}.Debug|x86.ActiveCfg = Debug|x86
		{4E2F2D06-B3BD-4B13-B0B0-B3C634C11C0B}.Debug|x86.Build.0 = Debug|x86
		{4E2F2D06-B3BD-4B13-B0B0-B3C634C11C0B}.Release|Any CPU.ActiveCfg = Release|x86
		{4E2F2D06-B3BD-4B13-B0B0-B3C634C11C0B}.Release|Mixed Platforms.ActiveCfg = Release|x86
		{4E2F2D06-B3BD-4B13-B0B0-B3C634C11C0B}.Release|Mixed Platforms.Build.0 = Release|x86
		{4E2F2D06-B3BD-4B13-B0B0-B3C634C11C0B}.Release|x86.ActiveCfg = Release|x86
		{4E2F2D06-B3BD-4B13-B0B0-B3C634C11C0B}.Release|x86.Build.0 = Release|x86
		{4A3F7BED-010A-48C8-8673-E484F0148BA8}.Debug|Any CPU.ActiveCfg = Debug|Any CPU
		{4A3F7BED-010A-48C8-8673-E484F0148BA8}.Debug|Any CPU.Build.0 = Debug|Any CPU
		{4A3F7BED-010A-48C8-8673-E484F0148BA8}.Debug|Mixed Platforms.ActiveCfg = Debug|Any CPU
		{4A3F7BED-010A-48C8-8673-E484F0148BA8}.Debug|Mixed Platforms.Build.0 = Debug|Any CPU
		{4A3F7BED-010A-48C8-8673-E484F0148BA8}.Debug|x86.ActiveCfg = Debug|Any CPU
		{4A3F7BED-010A-48C8-8673-E484F0148BA8}.Release|Any CPU.ActiveCfg = Release|Any CPU
		{4A3F7BED-010A-48C8-8673-E484F0148BA8}.Release|Any CPU.Build.0 = Release|Any CPU
		{4A3F7BED-010A-48C8-8673-E484F0148BA8}.Release|Mixed Platforms.ActiveCfg = Release|Any CPU
		{4A3F7BED-010A-48C8-8673-E484F0148BA8}.Release|Mixed Platforms.Build.0 = Release|Any CPU
		{4A3F7BED-010A-48C8-8673-E484F0148BA8}.Release|x86.ActiveCfg = Release|Any CPU
		{B564DD07-F3C6-4B4A-AAC2-C0FAF8F9ADCC}.Debug|Any CPU.ActiveCfg = Debug|Any CPU
		{B564DD07-F3C6-4B4A-AAC2-C0FAF8F9ADCC}.Debug|Any CPU.Build.0 = Debug|Any CPU
		{B564DD07-F3C6-4B4A-AAC2-C0FAF8F9ADCC}.Debug|Mixed Platforms.ActiveCfg = Debug|Any CPU
		{B564DD07-F3C6-4B4A-AAC2-C0FAF8F9ADCC}.Debug|Mixed Platforms.Build.0 = Debug|Any CPU
		{B564DD07-F3C6-4B4A-AAC2-C0FAF8F9ADCC}.Debug|x86.ActiveCfg = Debug|Any CPU
		{B564DD07-F3C6-4B4A-AAC2-C0FAF8F9ADCC}.Release|Any CPU.ActiveCfg = Release|Any CPU
		{B564DD07-F3C6-4B4A-AAC2-C0FAF8F9ADCC}.Release|Any CPU.Build.0 = Release|Any CPU
		{B564DD07-F3C6-4B4A-AAC2-C0FAF8F9ADCC}.Release|Mixed Platforms.ActiveCfg = Release|Any CPU
		{B564DD07-F3C6-4B4A-AAC2-C0FAF8F9ADCC}.Release|Mixed Platforms.Build.0 = Release|Any CPU
		{B564DD07-F3C6-4B4A-AAC2-C0FAF8F9ADCC}.Release|x86.ActiveCfg = Release|Any CPU
		{E168A2F0-C4C5-48C9-B915-CC88BFAE8980}.Debug|Any CPU.ActiveCfg = Debug|Any CPU
		{E168A2F0-C4C5-48C9-B915-CC88BFAE8980}.Debug|Any CPU.Build.0 = Debug|Any CPU
		{E168A2F0-C4C5-48C9-B915-CC88BFAE8980}.Debug|Mixed Platforms.ActiveCfg = Debug|Any CPU
		{E168A2F0-C4C5-48C9-B915-CC88BFAE8980}.Debug|Mixed Platforms.Build.0 = Debug|Any CPU
		{E168A2F0-C4C5-48C9-B915-CC88BFAE8980}.Debug|x86.ActiveCfg = Debug|Any CPU
		{E168A2F0-C4C5-48C9-B915-CC88BFAE8980}.Release|Any CPU.ActiveCfg = Release|Any CPU
		{E168A2F0-C4C5-48C9-B915-CC88BFAE8980}.Release|Any CPU.Build.0 = Release|Any CPU
		{E168A2F0-C4C5-48C9-B915-CC88BFAE8980}.Release|Mixed Platforms.ActiveCfg = Release|Any CPU
		{E168A2F0-C4C5-48C9-B915-CC88BFAE8980}.Release|Mixed Platforms.Build.0 = Release|Any CPU
		{E168A2F0-C4C5-48C9-B915-CC88BFAE8980}.Release|x86.ActiveCfg = Release|Any CPU
		{26DA8323-7672-42AC-A3DB-0501ED6C4212}.Debug|Any CPU.ActiveCfg = Debug|Any CPU
		{26DA8323-7672-42AC-A3DB-0501ED6C4212}.Debug|Any CPU.Build.0 = Debug|Any CPU
		{26DA8323-7672-42AC-A3DB-0501ED6C4212}.Debug|Mixed Platforms.ActiveCfg = Debug|Any CPU
		{26DA8323-7672-42AC-A3DB-0501ED6C4212}.Debug|Mixed Platforms.Build.0 = Debug|Any CPU
		{26DA8323-7672-42AC-A3DB-0501ED6C4212}.Debug|x86.ActiveCfg = Debug|Any CPU
		{26DA8323-7672-42AC-A3DB-0501ED6C4212}.Release|Any CPU.ActiveCfg = Release|Any CPU
		{26DA8323-7672-42AC-A3DB-0501ED6C4212}.Release|Any CPU.Build.0 = Release|Any CPU
		{26DA8323-7672-42AC-A3DB-0501ED6C4212}.Release|Mixed Platforms.ActiveCfg = Release|Any CPU
		{26DA8323-7672-42AC-A3DB-0501ED6C4212}.Release|Mixed Platforms.Build.0 = Release|Any CPU
		{26DA8323-7672-42AC-A3DB-0501ED6C4212}.Release|x86.ActiveCfg = Release|Any CPU
		{642480E9-C332-4C3B-A2D3-809E70834C0E}.Debug|Any CPU.ActiveCfg = Debug|Any CPU
		{642480E9-C332-4C3B-A2D3-809E70834C0E}.Debug|Any CPU.Build.0 = Debug|Any CPU
		{642480E9-C332-4C3B-A2D3-809E70834C0E}.Debug|Mixed Platforms.ActiveCfg = Debug|Any CPU
		{642480E9-C332-4C3B-A2D3-809E70834C0E}.Debug|Mixed Platforms.Build.0 = Debug|Any CPU
		{642480E9-C332-4C3B-A2D3-809E70834C0E}.Debug|x86.ActiveCfg = Debug|Any CPU
		{642480E9-C332-4C3B-A2D3-809E70834C0E}.Release|Any CPU.ActiveCfg = Release|Any CPU
		{642480E9-C332-4C3B-A2D3-809E70834C0E}.Release|Any CPU.Build.0 = Release|Any CPU
		{642480E9-C332-4C3B-A2D3-809E70834C0E}.Release|Mixed Platforms.ActiveCfg = Release|Any CPU
		{642480E9-C332-4C3B-A2D3-809E70834C0E}.Release|Mixed Platforms.Build.0 = Release|Any CPU
		{642480E9-C332-4C3B-A2D3-809E70834C0E}.Release|x86.ActiveCfg = Release|Any CPU
		{ABA3D371-9B6C-4B09-B216-801B056CF3D6}.Debug|Any CPU.ActiveCfg = Debug|Any CPU
		{ABA3D371-9B6C-4B09-B216-801B056CF3D6}.Debug|Any CPU.Build.0 = Debug|Any CPU
		{ABA3D371-9B6C-4B09-B216-801B056CF3D6}.Debug|Mixed Platforms.ActiveCfg = Debug|Any CPU
		{ABA3D371-9B6C-4B09-B216-801B056CF3D6}.Debug|Mixed Platforms.Build.0 = Debug|Any CPU
		{ABA3D371-9B6C-4B09-B216-801B056CF3D6}.Debug|x86.ActiveCfg = Debug|Any CPU
		{ABA3D371-9B6C-4B09-B216-801B056CF3D6}.Release|Any CPU.ActiveCfg = Release|Any CPU
		{ABA3D371-9B6C-4B09-B216-801B056CF3D6}.Release|Any CPU.Build.0 = Release|Any CPU
		{ABA3D371-9B6C-4B09-B216-801B056CF3D6}.Release|Mixed Platforms.ActiveCfg = Release|Any CPU
		{ABA3D371-9B6C-4B09-B216-801B056CF3D6}.Release|Mixed Platforms.Build.0 = Release|Any CPU
		{ABA3D371-9B6C-4B09-B216-801B056CF3D6}.Release|x86.ActiveCfg = Release|Any CPU
		{1DB031D4-25A7-4DBB-9D6F-53816E6C1700}.Debug|Any CPU.ActiveCfg = Debug|x86
		{1DB031D4-25A7-4DBB-9D6F-53816E6C1700}.Debug|Mixed Platforms.ActiveCfg = Debug|x86
		{1DB031D4-25A7-4DBB-9D6F-53816E6C1700}.Debug|Mixed Platforms.Build.0 = Debug|x86
		{1DB031D4-25A7-4DBB-9D6F-53816E6C1700}.Debug|x86.ActiveCfg = Debug|x86
		{1DB031D4-25A7-4DBB-9D6F-53816E6C1700}.Debug|x86.Build.0 = Debug|x86
		{1DB031D4-25A7-4DBB-9D6F-53816E6C1700}.Release|Any CPU.ActiveCfg = Release|x86
		{1DB031D4-25A7-4DBB-9D6F-53816E6C1700}.Release|Mixed Platforms.ActiveCfg = Release|x86
		{1DB031D4-25A7-4DBB-9D6F-53816E6C1700}.Release|Mixed Platforms.Build.0 = Release|x86
		{1DB031D4-25A7-4DBB-9D6F-53816E6C1700}.Release|x86.ActiveCfg = Release|x86
		{1DB031D4-25A7-4DBB-9D6F-53816E6C1700}.Release|x86.Build.0 = Release|x86
		{77FD74D0-E29D-44D6-BA3F-C73D2DD5CF64}.Debug|Any CPU.ActiveCfg = Debug|x86
		{77FD74D0-E29D-44D6-BA3F-C73D2DD5CF64}.Debug|Mixed Platforms.ActiveCfg = Debug|x86
		{77FD74D0-E29D-44D6-BA3F-C73D2DD5CF64}.Debug|Mixed Platforms.Build.0 = Debug|x86
		{77FD74D0-E29D-44D6-BA3F-C73D2DD5CF64}.Debug|x86.ActiveCfg = Debug|x86
		{77FD74D0-E29D-44D6-BA3F-C73D2DD5CF64}.Debug|x86.Build.0 = Debug|x86
		{77FD74D0-E29D-44D6-BA3F-C73D2DD5CF64}.Release|Any CPU.ActiveCfg = Release|x86
		{77FD74D0-E29D-44D6-BA3F-C73D2DD5CF64}.Release|Mixed Platforms.ActiveCfg = Release|x86
		{77FD74D0-E29D-44D6-BA3F-C73D2DD5CF64}.Release|Mixed Platforms.Build.0 = Release|x86
		{77FD74D0-E29D-44D6-BA3F-C73D2DD5CF64}.Release|x86.ActiveCfg = Release|x86
		{77FD74D0-E29D-44D6-BA3F-C73D2DD5CF64}.Release|x86.Build.0 = Release|x86
		{93CC68DA-38AB-49C0-A912-DB441F387F06}.Debug|Any CPU.ActiveCfg = Debug|Any CPU
		{93CC68DA-38AB-49C0-A912-DB441F387F06}.Debug|Any CPU.Build.0 = Debug|Any CPU
		{93CC68DA-38AB-49C0-A912-DB441F387F06}.Debug|Mixed Platforms.ActiveCfg = Debug|Any CPU
		{93CC68DA-38AB-49C0-A912-DB441F387F06}.Debug|Mixed Platforms.Build.0 = Debug|Any CPU
		{93CC68DA-38AB-49C0-A912-DB441F387F06}.Debug|x86.ActiveCfg = Debug|Any CPU
		{93CC68DA-38AB-49C0-A912-DB441F387F06}.Release|Any CPU.ActiveCfg = Release|Any CPU
		{93CC68DA-38AB-49C0-A912-DB441F387F06}.Release|Any CPU.Build.0 = Release|Any CPU
		{93CC68DA-38AB-49C0-A912-DB441F387F06}.Release|Mixed Platforms.ActiveCfg = Release|Any CPU
		{93CC68DA-38AB-49C0-A912-DB441F387F06}.Release|Mixed Platforms.Build.0 = Release|Any CPU
		{93CC68DA-38AB-49C0-A912-DB441F387F06}.Release|x86.ActiveCfg = Release|Any CPU
		{7B7E6400-56BD-42A2-9EE4-2ED417734B15}.Debug|Any CPU.ActiveCfg = Debug|x86
		{7B7E6400-56BD-42A2-9EE4-2ED417734B15}.Debug|Mixed Platforms.ActiveCfg = Debug|x86
		{7B7E6400-56BD-42A2-9EE4-2ED417734B15}.Debug|Mixed Platforms.Build.0 = Debug|x86
		{7B7E6400-56BD-42A2-9EE4-2ED417734B15}.Debug|x86.ActiveCfg = Debug|x86
		{7B7E6400-56BD-42A2-9EE4-2ED417734B15}.Debug|x86.Build.0 = Debug|x86
		{7B7E6400-56BD-42A2-9EE4-2ED417734B15}.Release|Any CPU.ActiveCfg = Release|x86
		{7B7E6400-56BD-42A2-9EE4-2ED417734B15}.Release|Mixed Platforms.ActiveCfg = Release|x86
		{7B7E6400-56BD-42A2-9EE4-2ED417734B15}.Release|Mixed Platforms.Build.0 = Release|x86
		{7B7E6400-56BD-42A2-9EE4-2ED417734B15}.Release|x86.ActiveCfg = Release|x86
		{7B7E6400-56BD-42A2-9EE4-2ED417734B15}.Release|x86.Build.0 = Release|x86
		{7CEFCE71-15D3-4437-BE1F-DEC666AA7E0A}.Debug|Any CPU.ActiveCfg = Debug|x86
		{7CEFCE71-15D3-4437-BE1F-DEC666AA7E0A}.Debug|Mixed Platforms.ActiveCfg = Debug|x86
		{7CEFCE71-15D3-4437-BE1F-DEC666AA7E0A}.Debug|Mixed Platforms.Build.0 = Debug|x86
		{7CEFCE71-15D3-4437-BE1F-DEC666AA7E0A}.Debug|x86.ActiveCfg = Debug|x86
		{7CEFCE71-15D3-4437-BE1F-DEC666AA7E0A}.Debug|x86.Build.0 = Debug|x86
		{7CEFCE71-15D3-4437-BE1F-DEC666AA7E0A}.Release|Any CPU.ActiveCfg = Release|x86
		{7CEFCE71-15D3-4437-BE1F-DEC666AA7E0A}.Release|Mixed Platforms.ActiveCfg = Release|x86
		{7CEFCE71-15D3-4437-BE1F-DEC666AA7E0A}.Release|Mixed Platforms.Build.0 = Release|x86
		{7CEFCE71-15D3-4437-BE1F-DEC666AA7E0A}.Release|x86.ActiveCfg = Release|x86
		{7CEFCE71-15D3-4437-BE1F-DEC666AA7E0A}.Release|x86.Build.0 = Release|x86
		{2B73D20C-93FC-4A8F-8DB9-C5ED2D49E326}.Debug|Any CPU.ActiveCfg = Debug|x86
		{2B73D20C-93FC-4A8F-8DB9-C5ED2D49E326}.Debug|Mixed Platforms.ActiveCfg = Debug|x86
		{2B73D20C-93FC-4A8F-8DB9-C5ED2D49E326}.Debug|Mixed Platforms.Build.0 = Debug|x86
		{2B73D20C-93FC-4A8F-8DB9-C5ED2D49E326}.Debug|x86.ActiveCfg = Debug|x86
		{2B73D20C-93FC-4A8F-8DB9-C5ED2D49E326}.Debug|x86.Build.0 = Debug|x86
		{2B73D20C-93FC-4A8F-8DB9-C5ED2D49E326}.Release|Any CPU.ActiveCfg = Release|x86
		{2B73D20C-93FC-4A8F-8DB9-C5ED2D49E326}.Release|Mixed Platforms.ActiveCfg = Release|x86
		{2B73D20C-93FC-4A8F-8DB9-C5ED2D49E326}.Release|Mixed Platforms.Build.0 = Release|x86
		{2B73D20C-93FC-4A8F-8DB9-C5ED2D49E326}.Release|x86.ActiveCfg = Release|x86
		{2B73D20C-93FC-4A8F-8DB9-C5ED2D49E326}.Release|x86.Build.0 = Release|x86
		{F9514C39-E8E3-416A-AF2B-9D76CACA8864}.Debug|Any CPU.ActiveCfg = Debug|Any CPU
		{F9514C39-E8E3-416A-AF2B-9D76CACA8864}.Debug|Any CPU.Build.0 = Debug|Any CPU
		{F9514C39-E8E3-416A-AF2B-9D76CACA8864}.Debug|Mixed Platforms.ActiveCfg = Debug|Any CPU
		{F9514C39-E8E3-416A-AF2B-9D76CACA8864}.Debug|Mixed Platforms.Build.0 = Debug|Any CPU
		{F9514C39-E8E3-416A-AF2B-9D76CACA8864}.Debug|x86.ActiveCfg = Debug|Any CPU
		{F9514C39-E8E3-416A-AF2B-9D76CACA8864}.Release|Any CPU.ActiveCfg = Release|Any CPU
		{F9514C39-E8E3-416A-AF2B-9D76CACA8864}.Release|Any CPU.Build.0 = Release|Any CPU
		{F9514C39-E8E3-416A-AF2B-9D76CACA8864}.Release|Mixed Platforms.ActiveCfg = Release|Any CPU
		{F9514C39-E8E3-416A-AF2B-9D76CACA8864}.Release|Mixed Platforms.Build.0 = Release|Any CPU
		{F9514C39-E8E3-416A-AF2B-9D76CACA8864}.Release|x86.ActiveCfg = Release|Any CPU
		{6DC6157A-6693-4337-A3E2-1F876CE3D4E9}.Debug|Any CPU.ActiveCfg = Debug|x86
		{6DC6157A-6693-4337-A3E2-1F876CE3D4E9}.Debug|Mixed Platforms.ActiveCfg = Debug|x86
		{6DC6157A-6693-4337-A3E2-1F876CE3D4E9}.Debug|Mixed Platforms.Build.0 = Debug|x86
		{6DC6157A-6693-4337-A3E2-1F876CE3D4E9}.Debug|x86.ActiveCfg = Debug|x86
		{6DC6157A-6693-4337-A3E2-1F876CE3D4E9}.Debug|x86.Build.0 = Debug|x86
		{6DC6157A-6693-4337-A3E2-1F876CE3D4E9}.Release|Any CPU.ActiveCfg = Release|x86
		{6DC6157A-6693-4337-A3E2-1F876CE3D4E9}.Release|Mixed Platforms.ActiveCfg = Release|x86
		{6DC6157A-6693-4337-A3E2-1F876CE3D4E9}.Release|Mixed Platforms.Build.0 = Release|x86
		{6DC6157A-6693-4337-A3E2-1F876CE3D4E9}.Release|x86.ActiveCfg = Release|x86
		{6DC6157A-6693-4337-A3E2-1F876CE3D4E9}.Release|x86.Build.0 = Release|x86
		{703584BA-0C0B-4EA2-8752-A83FA99B7E3D}.Debug|Any CPU.ActiveCfg = Debug|x86
		{703584BA-0C0B-4EA2-8752-A83FA99B7E3D}.Debug|Mixed Platforms.ActiveCfg = Debug|x86
		{703584BA-0C0B-4EA2-8752-A83FA99B7E3D}.Debug|Mixed Platforms.Build.0 = Debug|x86
		{703584BA-0C0B-4EA2-8752-A83FA99B7E3D}.Debug|x86.ActiveCfg = Debug|x86
		{703584BA-0C0B-4EA2-8752-A83FA99B7E3D}.Debug|x86.Build.0 = Debug|x86
		{703584BA-0C0B-4EA2-8752-A83FA99B7E3D}.Release|Any CPU.ActiveCfg = Release|x86
		{703584BA-0C0B-4EA2-8752-A83FA99B7E3D}.Release|Mixed Platforms.ActiveCfg = Release|x86
		{703584BA-0C0B-4EA2-8752-A83FA99B7E3D}.Release|Mixed Platforms.Build.0 = Release|x86
		{703584BA-0C0B-4EA2-8752-A83FA99B7E3D}.Release|x86.ActiveCfg = Release|x86
		{703584BA-0C0B-4EA2-8752-A83FA99B7E3D}.Release|x86.Build.0 = Release|x86
		{9C4C9583-5B78-4EB2-929A-1F5B89022253}.Debug|Any CPU.ActiveCfg = Debug|Any CPU
		{9C4C9583-5B78-4EB2-929A-1F5B89022253}.Debug|Any CPU.Build.0 = Debug|Any CPU
		{9C4C9583-5B78-4EB2-929A-1F5B89022253}.Debug|Mixed Platforms.ActiveCfg = Debug|Any CPU
		{9C4C9583-5B78-4EB2-929A-1F5B89022253}.Debug|Mixed Platforms.Build.0 = Debug|Any CPU
		{9C4C9583-5B78-4EB2-929A-1F5B89022253}.Debug|x86.ActiveCfg = Debug|Any CPU
		{9C4C9583-5B78-4EB2-929A-1F5B89022253}.Release|Any CPU.ActiveCfg = Release|Any CPU
		{9C4C9583-5B78-4EB2-929A-1F5B89022253}.Release|Any CPU.Build.0 = Release|Any CPU
		{9C4C9583-5B78-4EB2-929A-1F5B89022253}.Release|Mixed Platforms.ActiveCfg = Release|Any CPU
		{9C4C9583-5B78-4EB2-929A-1F5B89022253}.Release|Mixed Platforms.Build.0 = Release|Any CPU
		{9C4C9583-5B78-4EB2-929A-1F5B89022253}.Release|x86.ActiveCfg = Release|Any CPU
		{D350628E-BFBA-4C1B-8FFA-7FD3749A551E}.Debug|Any CPU.ActiveCfg = Debug|x86
		{D350628E-BFBA-4C1B-8FFA-7FD3749A551E}.Debug|Mixed Platforms.ActiveCfg = Debug|x86
		{D350628E-BFBA-4C1B-8FFA-7FD3749A551E}.Debug|Mixed Platforms.Build.0 = Debug|x86
		{D350628E-BFBA-4C1B-8FFA-7FD3749A551E}.Debug|x86.ActiveCfg = Debug|x86
		{D350628E-BFBA-4C1B-8FFA-7FD3749A551E}.Debug|x86.Build.0 = Debug|x86
		{D350628E-BFBA-4C1B-8FFA-7FD3749A551E}.Release|Any CPU.ActiveCfg = Release|x86
		{D350628E-BFBA-4C1B-8FFA-7FD3749A551E}.Release|Mixed Platforms.ActiveCfg = Release|x86
		{D350628E-BFBA-4C1B-8FFA-7FD3749A551E}.Release|Mixed Platforms.Build.0 = Release|x86
		{D350628E-BFBA-4C1B-8FFA-7FD3749A551E}.Release|x86.ActiveCfg = Release|x86
		{D350628E-BFBA-4C1B-8FFA-7FD3749A551E}.Release|x86.Build.0 = Release|x86
		{4A6B9CAF-42AF-48E4-88CC-DC27DDD80474}.Debug|Any CPU.ActiveCfg = Debug|x86
		{4A6B9CAF-42AF-48E4-88CC-DC27DDD80474}.Debug|Mixed Platforms.ActiveCfg = Debug|x86
		{4A6B9CAF-42AF-48E4-88CC-DC27DDD80474}.Debug|Mixed Platforms.Build.0 = Debug|x86
		{4A6B9CAF-42AF-48E4-88CC-DC27DDD80474}.Debug|x86.ActiveCfg = Debug|x86
		{4A6B9CAF-42AF-48E4-88CC-DC27DDD80474}.Debug|x86.Build.0 = Debug|x86
		{4A6B9CAF-42AF-48E4-88CC-DC27DDD80474}.Release|Any CPU.ActiveCfg = Release|x86
		{4A6B9CAF-42AF-48E4-88CC-DC27DDD80474}.Release|Mixed Platforms.ActiveCfg = Release|x86
		{4A6B9CAF-42AF-48E4-88CC-DC27DDD80474}.Release|Mixed Platforms.Build.0 = Release|x86
		{4A6B9CAF-42AF-48E4-88CC-DC27DDD80474}.Release|x86.ActiveCfg = Release|x86
		{4A6B9CAF-42AF-48E4-88CC-DC27DDD80474}.Release|x86.Build.0 = Release|x86
		{BA52AD93-AB43-43CB-BF8C-B1D299A33EF2}.Debug|Any CPU.ActiveCfg = Debug|Any CPU
		{BA52AD93-AB43-43CB-BF8C-B1D299A33EF2}.Debug|Any CPU.Build.0 = Debug|Any CPU
		{BA52AD93-AB43-43CB-BF8C-B1D299A33EF2}.Debug|Mixed Platforms.ActiveCfg = Debug|Any CPU
		{BA52AD93-AB43-43CB-BF8C-B1D299A33EF2}.Debug|Mixed Platforms.Build.0 = Debug|Any CPU
		{BA52AD93-AB43-43CB-BF8C-B1D299A33EF2}.Debug|x86.ActiveCfg = Debug|Any CPU
		{BA52AD93-AB43-43CB-BF8C-B1D299A33EF2}.Release|Any CPU.ActiveCfg = Release|Any CPU
		{BA52AD93-AB43-43CB-BF8C-B1D299A33EF2}.Release|Any CPU.Build.0 = Release|Any CPU
		{BA52AD93-AB43-43CB-BF8C-B1D299A33EF2}.Release|Mixed Platforms.ActiveCfg = Release|Any CPU
		{BA52AD93-AB43-43CB-BF8C-B1D299A33EF2}.Release|Mixed Platforms.Build.0 = Release|Any CPU
		{BA52AD93-AB43-43CB-BF8C-B1D299A33EF2}.Release|x86.ActiveCfg = Release|Any CPU
		{3C171435-2820-425C-A534-3251BA8EF275}.Debug|Any CPU.ActiveCfg = Debug|x86
		{3C171435-2820-425C-A534-3251BA8EF275}.Debug|Mixed Platforms.ActiveCfg = Debug|x86
		{3C171435-2820-425C-A534-3251BA8EF275}.Debug|Mixed Platforms.Build.0 = Debug|x86
		{3C171435-2820-425C-A534-3251BA8EF275}.Debug|x86.ActiveCfg = Debug|x86
		{3C171435-2820-425C-A534-3251BA8EF275}.Debug|x86.Build.0 = Debug|x86
		{3C171435-2820-425C-A534-3251BA8EF275}.Release|Any CPU.ActiveCfg = Release|x86
		{3C171435-2820-425C-A534-3251BA8EF275}.Release|Mixed Platforms.ActiveCfg = Release|x86
		{3C171435-2820-425C-A534-3251BA8EF275}.Release|Mixed Platforms.Build.0 = Release|x86
		{3C171435-2820-425C-A534-3251BA8EF275}.Release|x86.ActiveCfg = Release|x86
		{3C171435-2820-425C-A534-3251BA8EF275}.Release|x86.Build.0 = Release|x86
		{64990B1F-D8F4-497E-A76D-6AFD001738CD}.Debug|Any CPU.ActiveCfg = Debug|Any CPU
		{64990B1F-D8F4-497E-A76D-6AFD001738CD}.Debug|Any CPU.Build.0 = Debug|Any CPU
		{64990B1F-D8F4-497E-A76D-6AFD001738CD}.Debug|Mixed Platforms.ActiveCfg = Debug|Any CPU
		{64990B1F-D8F4-497E-A76D-6AFD001738CD}.Debug|Mixed Platforms.Build.0 = Debug|Any CPU
		{64990B1F-D8F4-497E-A76D-6AFD001738CD}.Debug|x86.ActiveCfg = Debug|Any CPU
		{64990B1F-D8F4-497E-A76D-6AFD001738CD}.Release|Any CPU.ActiveCfg = Release|Any CPU
		{64990B1F-D8F4-497E-A76D-6AFD001738CD}.Release|Any CPU.Build.0 = Release|Any CPU
		{64990B1F-D8F4-497E-A76D-6AFD001738CD}.Release|Mixed Platforms.ActiveCfg = Release|Any CPU
		{64990B1F-D8F4-497E-A76D-6AFD001738CD}.Release|Mixed Platforms.Build.0 = Release|Any CPU
		{64990B1F-D8F4-497E-A76D-6AFD001738CD}.Release|x86.ActiveCfg = Release|Any CPU
		{D5B3B5A4-6DA1-48AA-BAD5-CFC916F757EF}.Debug|Any CPU.ActiveCfg = Debug|x86
		{D5B3B5A4-6DA1-48AA-BAD5-CFC916F757EF}.Debug|Mixed Platforms.ActiveCfg = Debug|x86
		{D5B3B5A4-6DA1-48AA-BAD5-CFC916F757EF}.Debug|Mixed Platforms.Build.0 = Debug|x86
		{D5B3B5A4-6DA1-48AA-BAD5-CFC916F757EF}.Debug|x86.ActiveCfg = Debug|x86
		{D5B3B5A4-6DA1-48AA-BAD5-CFC916F757EF}.Debug|x86.Build.0 = Debug|x86
		{D5B3B5A4-6DA1-48AA-BAD5-CFC916F757EF}.Release|Any CPU.ActiveCfg = Release|x86
		{D5B3B5A4-6DA1-48AA-BAD5-CFC916F757EF}.Release|Mixed Platforms.ActiveCfg = Release|x86
		{D5B3B5A4-6DA1-48AA-BAD5-CFC916F757EF}.Release|Mixed Platforms.Build.0 = Release|x86
		{D5B3B5A4-6DA1-48AA-BAD5-CFC916F757EF}.Release|x86.ActiveCfg = Release|x86
		{D5B3B5A4-6DA1-48AA-BAD5-CFC916F757EF}.Release|x86.Build.0 = Release|x86
		{5B254E45-DFB4-4D3C-AC93-20FD28D1E833}.Debug|Any CPU.ActiveCfg = Debug|x86
		{5B254E45-DFB4-4D3C-AC93-20FD28D1E833}.Debug|Mixed Platforms.ActiveCfg = Debug|x86
		{5B254E45-DFB4-4D3C-AC93-20FD28D1E833}.Debug|Mixed Platforms.Build.0 = Debug|x86
		{5B254E45-DFB4-4D3C-AC93-20FD28D1E833}.Debug|x86.ActiveCfg = Debug|x86
		{5B254E45-DFB4-4D3C-AC93-20FD28D1E833}.Debug|x86.Build.0 = Debug|x86
		{5B254E45-DFB4-4D3C-AC93-20FD28D1E833}.Release|Any CPU.ActiveCfg = Release|x86
		{5B254E45-DFB4-4D3C-AC93-20FD28D1E833}.Release|Mixed Platforms.ActiveCfg = Release|x86
		{5B254E45-DFB4-4D3C-AC93-20FD28D1E833}.Release|Mixed Platforms.Build.0 = Release|x86
		{5B254E45-DFB4-4D3C-AC93-20FD28D1E833}.Release|x86.ActiveCfg = Release|x86
		{5B254E45-DFB4-4D3C-AC93-20FD28D1E833}.Release|x86.Build.0 = Release|x86
		{5626E867-167D-4349-8493-2738E68551C4}.Debug|Any CPU.ActiveCfg = Debug|x86
		{5626E867-167D-4349-8493-2738E68551C4}.Debug|Mixed Platforms.ActiveCfg = Debug|x86
		{5626E867-167D-4349-8493-2738E68551C4}.Debug|Mixed Platforms.Build.0 = Debug|x86
		{5626E867-167D-4349-8493-2738E68551C4}.Debug|x86.ActiveCfg = Debug|x86
		{5626E867-167D-4349-8493-2738E68551C4}.Debug|x86.Build.0 = Debug|x86
		{5626E867-167D-4349-8493-2738E68551C4}.Release|Any CPU.ActiveCfg = Release|x86
		{5626E867-167D-4349-8493-2738E68551C4}.Release|Mixed Platforms.ActiveCfg = Release|x86
		{5626E867-167D-4349-8493-2738E68551C4}.Release|Mixed Platforms.Build.0 = Release|x86
		{5626E867-167D-4349-8493-2738E68551C4}.Release|x86.ActiveCfg = Release|x86
		{5626E867-167D-4349-8493-2738E68551C4}.Release|x86.Build.0 = Release|x86
		{10BA6BAA-3B34-493C-BD75-A40B54C373CE}.Debug|Any CPU.ActiveCfg = Debug|x86
		{10BA6BAA-3B34-493C-BD75-A40B54C373CE}.Debug|Mixed Platforms.ActiveCfg = Debug|x86
		{10BA6BAA-3B34-493C-BD75-A40B54C373CE}.Debug|Mixed Platforms.Build.0 = Debug|x86
		{10BA6BAA-3B34-493C-BD75-A40B54C373CE}.Debug|x86.ActiveCfg = Debug|x86
		{10BA6BAA-3B34-493C-BD75-A40B54C373CE}.Debug|x86.Build.0 = Debug|x86
		{10BA6BAA-3B34-493C-BD75-A40B54C373CE}.Release|Any CPU.ActiveCfg = Release|x86
		{10BA6BAA-3B34-493C-BD75-A40B54C373CE}.Release|Mixed Platforms.ActiveCfg = Release|x86
		{10BA6BAA-3B34-493C-BD75-A40B54C373CE}.Release|Mixed Platforms.Build.0 = Release|x86
		{10BA6BAA-3B34-493C-BD75-A40B54C373CE}.Release|x86.ActiveCfg = Release|x86
		{10BA6BAA-3B34-493C-BD75-A40B54C373CE}.Release|x86.Build.0 = Release|x86
		{84049C93-88EA-468F-994A-AC935D2222B9}.Debug|Any CPU.ActiveCfg = Debug|x86
		{84049C93-88EA-468F-994A-AC935D2222B9}.Debug|Mixed Platforms.ActiveCfg = Debug|x86
		{84049C93-88EA-468F-994A-AC935D2222B9}.Debug|Mixed Platforms.Build.0 = Debug|x86
		{84049C93-88EA-468F-994A-AC935D2222B9}.Debug|x86.ActiveCfg = Debug|x86
		{84049C93-88EA-468F-994A-AC935D2222B9}.Debug|x86.Build.0 = Debug|x86
		{84049C93-88EA-468F-994A-AC935D2222B9}.Release|Any CPU.ActiveCfg = Release|x86
		{84049C93-88EA-468F-994A-AC935D2222B9}.Release|Mixed Platforms.ActiveCfg = Release|x86
		{84049C93-88EA-468F-994A-AC935D2222B9}.Release|Mixed Platforms.Build.0 = Release|x86
		{84049C93-88EA-468F-994A-AC935D2222B9}.Release|x86.ActiveCfg = Release|x86
		{84049C93-88EA-468F-994A-AC935D2222B9}.Release|x86.Build.0 = Release|x86
		{EBD82B42-C970-4A88-822A-6586AE888E6C}.Debug|Any CPU.ActiveCfg = Debug|Any CPU
		{EBD82B42-C970-4A88-822A-6586AE888E6C}.Debug|Any CPU.Build.0 = Debug|Any CPU
		{EBD82B42-C970-4A88-822A-6586AE888E6C}.Debug|Mixed Platforms.ActiveCfg = Debug|Any CPU
		{EBD82B42-C970-4A88-822A-6586AE888E6C}.Debug|Mixed Platforms.Build.0 = Debug|Any CPU
		{EBD82B42-C970-4A88-822A-6586AE888E6C}.Debug|x86.ActiveCfg = Debug|Any CPU
		{EBD82B42-C970-4A88-822A-6586AE888E6C}.Release|Any CPU.ActiveCfg = Release|Any CPU
		{EBD82B42-C970-4A88-822A-6586AE888E6C}.Release|Any CPU.Build.0 = Release|Any CPU
		{EBD82B42-C970-4A88-822A-6586AE888E6C}.Release|Mixed Platforms.ActiveCfg = Release|Any CPU
		{EBD82B42-C970-4A88-822A-6586AE888E6C}.Release|Mixed Platforms.Build.0 = Release|Any CPU
		{EBD82B42-C970-4A88-822A-6586AE888E6C}.Release|x86.ActiveCfg = Release|Any CPU
		{EF3CAEC5-8656-4A82-816B-CD61C8486984}.Debug|Any CPU.ActiveCfg = Debug|Any CPU
		{EF3CAEC5-8656-4A82-816B-CD61C8486984}.Debug|Any CPU.Build.0 = Debug|Any CPU
		{EF3CAEC5-8656-4A82-816B-CD61C8486984}.Debug|Mixed Platforms.ActiveCfg = Debug|Any CPU
		{EF3CAEC5-8656-4A82-816B-CD61C8486984}.Debug|Mixed Platforms.Build.0 = Debug|Any CPU
		{EF3CAEC5-8656-4A82-816B-CD61C8486984}.Debug|x86.ActiveCfg = Debug|Any CPU
		{EF3CAEC5-8656-4A82-816B-CD61C8486984}.Release|Any CPU.ActiveCfg = Release|Any CPU
		{EF3CAEC5-8656-4A82-816B-CD61C8486984}.Release|Any CPU.Build.0 = Release|Any CPU
		{EF3CAEC5-8656-4A82-816B-CD61C8486984}.Release|Mixed Platforms.ActiveCfg = Release|Any CPU
		{EF3CAEC5-8656-4A82-816B-CD61C8486984}.Release|Mixed Platforms.Build.0 = Release|Any CPU
		{EF3CAEC5-8656-4A82-816B-CD61C8486984}.Release|x86.ActiveCfg = Release|Any CPU
		{3F6EDC37-F7AE-47E7-8FD3-5C6FBBC25965}.Debug|Any CPU.ActiveCfg = Debug|Any CPU
		{3F6EDC37-F7AE-47E7-8FD3-5C6FBBC25965}.Debug|Any CPU.Build.0 = Debug|Any CPU
		{3F6EDC37-F7AE-47E7-8FD3-5C6FBBC25965}.Debug|Mixed Platforms.ActiveCfg = Debug|Any CPU
		{3F6EDC37-F7AE-47E7-8FD3-5C6FBBC25965}.Debug|Mixed Platforms.Build.0 = Debug|Any CPU
		{3F6EDC37-F7AE-47E7-8FD3-5C6FBBC25965}.Debug|x86.ActiveCfg = Debug|Any CPU
		{3F6EDC37-F7AE-47E7-8FD3-5C6FBBC25965}.Release|Any CPU.ActiveCfg = Release|Any CPU
		{3F6EDC37-F7AE-47E7-8FD3-5C6FBBC25965}.Release|Any CPU.Build.0 = Release|Any CPU
		{3F6EDC37-F7AE-47E7-8FD3-5C6FBBC25965}.Release|Mixed Platforms.ActiveCfg = Release|Any CPU
		{3F6EDC37-F7AE-47E7-8FD3-5C6FBBC25965}.Release|Mixed Platforms.Build.0 = Release|Any CPU
		{3F6EDC37-F7AE-47E7-8FD3-5C6FBBC25965}.Release|x86.ActiveCfg = Release|Any CPU
		{0BFDEC13-214B-4369-BB3D-770F6844B2EB}.Debug|Any CPU.ActiveCfg = Debug|x86
		{0BFDEC13-214B-4369-BB3D-770F6844B2EB}.Debug|Mixed Platforms.ActiveCfg = Debug|x86
		{0BFDEC13-214B-4369-BB3D-770F6844B2EB}.Debug|Mixed Platforms.Build.0 = Debug|x86
		{0BFDEC13-214B-4369-BB3D-770F6844B2EB}.Debug|x86.ActiveCfg = Debug|x86
		{0BFDEC13-214B-4369-BB3D-770F6844B2EB}.Debug|x86.Build.0 = Debug|x86
		{0BFDEC13-214B-4369-BB3D-770F6844B2EB}.Release|Any CPU.ActiveCfg = Release|x86
		{0BFDEC13-214B-4369-BB3D-770F6844B2EB}.Release|Mixed Platforms.ActiveCfg = Release|x86
		{0BFDEC13-214B-4369-BB3D-770F6844B2EB}.Release|Mixed Platforms.Build.0 = Release|x86
		{0BFDEC13-214B-4369-BB3D-770F6844B2EB}.Release|x86.ActiveCfg = Release|x86
		{0BFDEC13-214B-4369-BB3D-770F6844B2EB}.Release|x86.Build.0 = Release|x86
		{D4C620B1-E367-4058-896C-0D6F73E5D174}.Debug|Any CPU.ActiveCfg = Debug|Any CPU
		{D4C620B1-E367-4058-896C-0D6F73E5D174}.Debug|Any CPU.Build.0 = Debug|Any CPU
		{D4C620B1-E367-4058-896C-0D6F73E5D174}.Debug|Mixed Platforms.ActiveCfg = Debug|Any CPU
		{D4C620B1-E367-4058-896C-0D6F73E5D174}.Debug|Mixed Platforms.Build.0 = Debug|Any CPU
		{D4C620B1-E367-4058-896C-0D6F73E5D174}.Debug|x86.ActiveCfg = Debug|Any CPU
		{D4C620B1-E367-4058-896C-0D6F73E5D174}.Release|Any CPU.ActiveCfg = Release|Any CPU
		{D4C620B1-E367-4058-896C-0D6F73E5D174}.Release|Any CPU.Build.0 = Release|Any CPU
		{D4C620B1-E367-4058-896C-0D6F73E5D174}.Release|Mixed Platforms.ActiveCfg = Release|Any CPU
		{D4C620B1-E367-4058-896C-0D6F73E5D174}.Release|Mixed Platforms.Build.0 = Release|Any CPU
		{D4C620B1-E367-4058-896C-0D6F73E5D174}.Release|x86.ActiveCfg = Release|Any CPU
		{942FB2DC-4FDB-41C1-ACBE-46AD33A8CC6F}.Debug|Any CPU.ActiveCfg = Debug|x86
		{942FB2DC-4FDB-41C1-ACBE-46AD33A8CC6F}.Debug|Mixed Platforms.ActiveCfg = Debug|x86
		{942FB2DC-4FDB-41C1-ACBE-46AD33A8CC6F}.Debug|Mixed Platforms.Build.0 = Debug|x86
		{942FB2DC-4FDB-41C1-ACBE-46AD33A8CC6F}.Debug|x86.ActiveCfg = Debug|x86
		{942FB2DC-4FDB-41C1-ACBE-46AD33A8CC6F}.Debug|x86.Build.0 = Debug|x86
		{942FB2DC-4FDB-41C1-ACBE-46AD33A8CC6F}.Release|Any CPU.ActiveCfg = Release|x86
		{942FB2DC-4FDB-41C1-ACBE-46AD33A8CC6F}.Release|Mixed Platforms.ActiveCfg = Release|x86
		{942FB2DC-4FDB-41C1-ACBE-46AD33A8CC6F}.Release|Mixed Platforms.Build.0 = Release|x86
		{942FB2DC-4FDB-41C1-ACBE-46AD33A8CC6F}.Release|x86.ActiveCfg = Release|x86
		{942FB2DC-4FDB-41C1-ACBE-46AD33A8CC6F}.Release|x86.Build.0 = Release|x86
	EndGlobalSection
	GlobalSection(SolutionProperties) = preSolution
		HideSolutionNode = FALSE
	EndGlobalSection
	GlobalSection(NestedProjects) = preSolution
		{4A3F7BED-010A-48C8-8673-E484F0148BA8} = {7DF8A45B-5732-4093-8A0B-EBE0F32597AB}
		{B564DD07-F3C6-4B4A-AAC2-C0FAF8F9ADCC} = {7DF8A45B-5732-4093-8A0B-EBE0F32597AB}
		{E168A2F0-C4C5-48C9-B915-CC88BFAE8980} = {7DF8A45B-5732-4093-8A0B-EBE0F32597AB}
		{26DA8323-7672-42AC-A3DB-0501ED6C4212} = {7DF8A45B-5732-4093-8A0B-EBE0F32597AB}
		{1DB031D4-25A7-4DBB-9D6F-53816E6C1700} = {7DF8A45B-5732-4093-8A0B-EBE0F32597AB}
		{F9514C39-E8E3-416A-AF2B-9D76CACA8864} = {7DF8A45B-5732-4093-8A0B-EBE0F32597AB}
		{EBD82B42-C970-4A88-822A-6586AE888E6C} = {7DF8A45B-5732-4093-8A0B-EBE0F32597AB}
		{642480E9-C332-4C3B-A2D3-809E70834C0E} = {95ED9E3B-A092-4B6D-BBF2-1BA285CDC788}
		{ABA3D371-9B6C-4B09-B216-801B056CF3D6} = {95ED9E3B-A092-4B6D-BBF2-1BA285CDC788}
		{77FD74D0-E29D-44D6-BA3F-C73D2DD5CF64} = {95ED9E3B-A092-4B6D-BBF2-1BA285CDC788}
		{93CC68DA-38AB-49C0-A912-DB441F387F06} = {95ED9E3B-A092-4B6D-BBF2-1BA285CDC788}
		{7B7E6400-56BD-42A2-9EE4-2ED417734B15} = {4AF0E1D5-FEED-4C58-8789-638074FB317C}
		{7CEFCE71-15D3-4437-BE1F-DEC666AA7E0A} = {4AF0E1D5-FEED-4C58-8789-638074FB317C}
		{4E2F2D06-B3BD-4B13-B0B0-B3C634C11C0B} = {4AF0E1D5-FEED-4C58-8789-638074FB317C}
		{6DC6157A-6693-4337-A3E2-1F876CE3D4E9} = {4AF0E1D5-FEED-4C58-8789-638074FB317C}
		{703584BA-0C0B-4EA2-8752-A83FA99B7E3D} = {4AF0E1D5-FEED-4C58-8789-638074FB317C}
		{9C4C9583-5B78-4EB2-929A-1F5B89022253} = {EFEF36CD-BBC2-4959-ACD7-FCE1FA64260C}
		{D350628E-BFBA-4C1B-8FFA-7FD3749A551E} = {EFEF36CD-BBC2-4959-ACD7-FCE1FA64260C}
		{4A6B9CAF-42AF-48E4-88CC-DC27DDD80474} = {EFEF36CD-BBC2-4959-ACD7-FCE1FA64260C}
		{BA52AD93-AB43-43CB-BF8C-B1D299A33EF2} = {349F217C-5CAD-4237-A614-C8183CC8EA41}
		{64990B1F-D8F4-497E-A76D-6AFD001738CD} = {349F217C-5CAD-4237-A614-C8183CC8EA41}
		{3C171435-2820-425C-A534-3251BA8EF275} = {4F284B4D-AA6D-43C1-BF7D-29C9F999CB3C}
		{D5B3B5A4-6DA1-48AA-BAD5-CFC916F757EF} = {4F284B4D-AA6D-43C1-BF7D-29C9F999CB3C}
		{5626E867-167D-4349-8493-2738E68551C4} = {4F284B4D-AA6D-43C1-BF7D-29C9F999CB3C}
		{10BA6BAA-3B34-493C-BD75-A40B54C373CE} = {4F284B4D-AA6D-43C1-BF7D-29C9F999CB3C}
		{3F6EDC37-F7AE-47E7-8FD3-5C6FBBC25965} = {4F284B4D-AA6D-43C1-BF7D-29C9F999CB3C}
		{5B254E45-DFB4-4D3C-AC93-20FD28D1E833} = {BE2EE5F5-5503-44F4-A509-406D63FB30ED}
		{84049C93-88EA-468F-994A-AC935D2222B9} = {BE2EE5F5-5503-44F4-A509-406D63FB30ED}
		{EF3CAEC5-8656-4A82-816B-CD61C8486984} = {BE2EE5F5-5503-44F4-A509-406D63FB30ED}
		{0BFDEC13-214B-4369-BB3D-770F6844B2EB} = {BE2EE5F5-5503-44F4-A509-406D63FB30ED}
		{D4C620B1-E367-4058-896C-0D6F73E5D174} = {BE2EE5F5-5503-44F4-A509-406D63FB30ED}
	EndGlobalSection
EndGlobal
